
Microsoft Visual Studio Solution File, Format Version 12.00
# Visual Studio Version 17
VisualStudioVersion = 17.3.32929.385
MinimumVisualStudioVersion = 10.0.40219.1
Project("{FAE04EC0-301F-11D3-BF4B-00C04F79EFBC}") = "HomefulBackEnd", "HomefulBackEnd\HomefulBackEnd.csproj", "{8A10105B-3F64-47E3-AC14-B8D0B7CD789F}"
EndProject
Global
	GlobalSection(SolutionConfigurationPlatforms) = preSolution
		Debug|Any CPU = Debug|Any CPU
		Release|Any CPU = Release|Any CPU
	EndGlobalSection
	GlobalSection(ProjectConfigurationPlatforms) = postSolution
		{8A10105B-3F64-47E3-AC14-B8D0B7CD789F}.Debug|Any CPU.ActiveCfg = Debug|Any CPU
		{8A10105B-3F64-47E3-AC14-B8D0B7CD789F}.Debug|Any CPU.Build.0 = Debug|Any CPU
		{8A10105B-3F64-47E3-AC14-B8D0B7CD789F}.Release|Any CPU.ActiveCfg = Release|Any CPU
		{8A10105B-3F64-47E3-AC14-B8D0B7CD789F}.Release|Any CPU.Build.0 = Release|Any CPU
	EndGlobalSection
	GlobalSection(SolutionProperties) = preSolution
		HideSolutionNode = FALSE
	EndGlobalSection
	GlobalSection(ExtensibilityGlobals) = postSolution
		SolutionGuid = {FA13B04A-A7FA-4456-85C0-2AC2BE88FBB1}
	EndGlobalSection
EndGlobal
